// !$*UTF8*$!
{
	archiveVersion = 1;
	classes = {
	};
	objectVersion = 46;
	objects = {

/* Begin PBXBuildFile section */
		2333CD0219CDF38800B65F3B /* SpriteKit.framework in Frameworks */ = {isa = PBXBuildFile; fileRef = 23749ECA19CDF0F30026A878 /* SpriteKit.framework */; };
		2333CD0419CDF3D600B65F3B /* Obstacle.swift in Sources */ = {isa = PBXBuildFile; fileRef = 2333CD0319CDF3D600B65F3B /* Obstacle.swift */; };
		2333CD0619CDF3F400B65F3B /* GoodChallenge.swift in Sources */ = {isa = PBXBuildFile; fileRef = 2333CD0519CDF3F400B65F3B /* GoodChallenge.swift */; };
		2333CD0819CDF40600B65F3B /* Bug.swift in Sources */ = {isa = PBXBuildFile; fileRef = 2333CD0719CDF40600B65F3B /* Bug.swift */; };
		2333CD0A19CDF42900B65F3B /* ProTip.swift in Sources */ = {isa = PBXBuildFile; fileRef = 2333CD0919CDF42900B65F3B /* ProTip.swift */; };
		2333CD0E19CE03B200B65F3B /* Player.swift in Sources */ = {isa = PBXBuildFile; fileRef = 2333CD0D19CE03B200B65F3B /* Player.swift */; };
		23749EA419CDEDC10026A878 /* AppDelegate.swift in Sources */ = {isa = PBXBuildFile; fileRef = 23749EA319CDEDC10026A878 /* AppDelegate.swift */; };
		23749EA619CDEDC10026A878 /* GameScene.sks in Resources */ = {isa = PBXBuildFile; fileRef = 23749EA519CDEDC10026A878 /* GameScene.sks */; };
		23749EA819CDEDC10026A878 /* LevelOneGameScene.swift in Sources */ = {isa = PBXBuildFile; fileRef = 23749EA719CDEDC10026A878 /* LevelOneGameScene.swift */; };
		23749EAA19CDEDC10026A878 /* GameViewController.swift in Sources */ = {isa = PBXBuildFile; fileRef = 23749EA919CDEDC10026A878 /* GameViewController.swift */; };
		23749EAD19CDEDC10026A878 /* Main.storyboard in Resources */ = {isa = PBXBuildFile; fileRef = 23749EAB19CDEDC10026A878 /* Main.storyboard */; };
		23749EAF19CDEDC10026A878 /* Images.xcassets in Resources */ = {isa = PBXBuildFile; fileRef = 23749EAE19CDEDC10026A878 /* Images.xcassets */; };
		23749EB219CDEDC10026A878 /* LaunchScreen.xib in Resources */ = {isa = PBXBuildFile; fileRef = 23749EB019CDEDC10026A878 /* LaunchScreen.xib */; };
		23749EBE19CDEDC10026A878 /* codeRedTests.swift in Sources */ = {isa = PBXBuildFile; fileRef = 23749EBD19CDEDC10026A878 /* codeRedTests.swift */; };
		23749ECB19CDF0F30026A878 /* SpriteKit.framework in Frameworks */ = {isa = PBXBuildFile; fileRef = 23749ECA19CDF0F30026A878 /* SpriteKit.framework */; };
		23749ECD19CDF2DB0026A878 /* Spaceship.swift in Sources */ = {isa = PBXBuildFile; fileRef = 23749ECC19CDF2DB0026A878 /* Spaceship.swift */; };
		9387F56C19CE2C1E00A5CDC0 /* Enums.swift in Sources */ = {isa = PBXBuildFile; fileRef = 9387F56B19CE2C1E00A5CDC0 /* Enums.swift */; };
		9B28C29119CE05CA00FF3B3F /* Constants.swift in Sources */ = {isa = PBXBuildFile; fileRef = 9B28C29019CE05CA00FF3B3F /* Constants.swift */; };
/* End PBXBuildFile section */

/* Begin PBXContainerItemProxy section */
		23749EB819CDEDC10026A878 /* PBXContainerItemProxy */ = {
			isa = PBXContainerItemProxy;
			containerPortal = 23749E9619CDEDC10026A878 /* Project object */;
			proxyType = 1;
			remoteGlobalIDString = 23749E9D19CDEDC10026A878;
			remoteInfo = codeRed;
		};
/* End PBXContainerItemProxy section */

/* Begin PBXFileReference section */
		2333CD0319CDF3D600B65F3B /* Obstacle.swift */ = {isa = PBXFileReference; fileEncoding = 4; lastKnownFileType = sourcecode.swift; path = Obstacle.swift; sourceTree = "<group>"; };
		2333CD0519CDF3F400B65F3B /* GoodChallenge.swift */ = {isa = PBXFileReference; fileEncoding = 4; lastKnownFileType = sourcecode.swift; path = GoodChallenge.swift; sourceTree = "<group>"; };
		2333CD0719CDF40600B65F3B /* Bug.swift */ = {isa = PBXFileReference; fileEncoding = 4; lastKnownFileType = sourcecode.swift; path = Bug.swift; sourceTree = "<group>"; };
		2333CD0919CDF42900B65F3B /* ProTip.swift */ = {isa = PBXFileReference; fileEncoding = 4; lastKnownFileType = sourcecode.swift; path = ProTip.swift; sourceTree = "<group>"; };
		2333CD0D19CE03B200B65F3B /* Player.swift */ = {isa = PBXFileReference; fileEncoding = 4; lastKnownFileType = sourcecode.swift; path = Player.swift; sourceTree = "<group>"; };
		23749E9E19CDEDC10026A878 /* codeRed.app */ = {isa = PBXFileReference; explicitFileType = wrapper.application; includeInIndex = 0; path = codeRed.app; sourceTree = BUILT_PRODUCTS_DIR; };
		23749EA219CDEDC10026A878 /* Info.plist */ = {isa = PBXFileReference; lastKnownFileType = text.plist.xml; path = Info.plist; sourceTree = "<group>"; };
		23749EA319CDEDC10026A878 /* AppDelegate.swift */ = {isa = PBXFileReference; lastKnownFileType = sourcecode.swift; path = AppDelegate.swift; sourceTree = "<group>"; };
		23749EA519CDEDC10026A878 /* GameScene.sks */ = {isa = PBXFileReference; lastKnownFileType = file.sks; path = GameScene.sks; sourceTree = "<group>"; };
		23749EA719CDEDC10026A878 /* LevelOneGameScene.swift */ = {isa = PBXFileReference; lastKnownFileType = sourcecode.swift; path = LevelOneGameScene.swift; sourceTree = "<group>"; };
		23749EA919CDEDC10026A878 /* GameViewController.swift */ = {isa = PBXFileReference; lastKnownFileType = sourcecode.swift; path = GameViewController.swift; sourceTree = "<group>"; };
		23749EAC19CDEDC10026A878 /* Base */ = {isa = PBXFileReference; lastKnownFileType = file.storyboard; name = Base; path = Base.lproj/Main.storyboard; sourceTree = "<group>"; };
		23749EAE19CDEDC10026A878 /* Images.xcassets */ = {isa = PBXFileReference; lastKnownFileType = folder.assetcatalog; path = Images.xcassets; sourceTree = "<group>"; };
		23749EB119CDEDC10026A878 /* Base */ = {isa = PBXFileReference; lastKnownFileType = file.xib; name = Base; path = Base.lproj/LaunchScreen.xib; sourceTree = "<group>"; };
		23749EB719CDEDC10026A878 /* codeRedTests.xctest */ = {isa = PBXFileReference; explicitFileType = wrapper.cfbundle; includeInIndex = 0; path = codeRedTests.xctest; sourceTree = BUILT_PRODUCTS_DIR; };
		23749EBC19CDEDC10026A878 /* Info.plist */ = {isa = PBXFileReference; lastKnownFileType = text.plist.xml; path = Info.plist; sourceTree = "<group>"; };
		23749EBD19CDEDC10026A878 /* codeRedTests.swift */ = {isa = PBXFileReference; lastKnownFileType = sourcecode.swift; path = codeRedTests.swift; sourceTree = "<group>"; };
		23749ECA19CDF0F30026A878 /* SpriteKit.framework */ = {isa = PBXFileReference; lastKnownFileType = wrapper.framework; name = SpriteKit.framework; path = System/Library/Frameworks/SpriteKit.framework; sourceTree = SDKROOT; };
		23749ECC19CDF2DB0026A878 /* Spaceship.swift */ = {isa = PBXFileReference; fileEncoding = 4; lastKnownFileType = sourcecode.swift; path = Spaceship.swift; sourceTree = "<group>"; };
		9387F56B19CE2C1E00A5CDC0 /* Enums.swift */ = {isa = PBXFileReference; fileEncoding = 4; lastKnownFileType = sourcecode.swift; path = Enums.swift; sourceTree = "<group>"; };
		9B28C29019CE05CA00FF3B3F /* Constants.swift */ = {isa = PBXFileReference; fileEncoding = 4; lastKnownFileType = sourcecode.swift; path = Constants.swift; sourceTree = "<group>"; };
/* End PBXFileReference section */

/* Begin PBXFrameworksBuildPhase section */
		23749E9B19CDEDC10026A878 /* Frameworks */ = {
			isa = PBXFrameworksBuildPhase;
			buildActionMask = 2147483647;
			files = (
				23749ECB19CDF0F30026A878 /* SpriteKit.framework in Frameworks */,
			);
			runOnlyForDeploymentPostprocessing = 0;
		};
		23749EB419CDEDC10026A878 /* Frameworks */ = {
			isa = PBXFrameworksBuildPhase;
			buildActionMask = 2147483647;
			files = (
				2333CD0219CDF38800B65F3B /* SpriteKit.framework in Frameworks */,
			);
			runOnlyForDeploymentPostprocessing = 0;
		};
/* End PBXFrameworksBuildPhase section */

/* Begin PBXGroup section */
		23749E9519CDEDC10026A878 = {
			isa = PBXGroup;
			children = (
				23749ECA19CDF0F30026A878 /* SpriteKit.framework */,
				23749EA019CDEDC10026A878 /* codeRed */,
				23749EBA19CDEDC10026A878 /* codeRedTests */,
				23749E9F19CDEDC10026A878 /* Products */,
			);
			sourceTree = "<group>";
		};
		23749E9F19CDEDC10026A878 /* Products */ = {
			isa = PBXGroup;
			children = (
				23749E9E19CDEDC10026A878 /* codeRed.app */,
				23749EB719CDEDC10026A878 /* codeRedTests.xctest */,
			);
			name = Products;
			sourceTree = "<group>";
		};
		23749EA019CDEDC10026A878 /* codeRed */ = {
			isa = PBXGroup;
			children = (
				9B28C28F19CE05BB00FF3B3F /* Utilities */,
				23749EC719CDF06E0026A878 /* Data Model */,
				23749EA319CDEDC10026A878 /* AppDelegate.swift */,
				23749EA519CDEDC10026A878 /* GameScene.sks */,
				23749EA719CDEDC10026A878 /* LevelOneGameScene.swift */,
				23749EA919CDEDC10026A878 /* GameViewController.swift */,
				23749EAB19CDEDC10026A878 /* Main.storyboard */,
				23749EAE19CDEDC10026A878 /* Images.xcassets */,
				23749EB019CDEDC10026A878 /* LaunchScreen.xib */,
				23749EA119CDEDC10026A878 /* Supporting Files */,
			);
			path = codeRed;
			sourceTree = "<group>";
		};
		23749EA119CDEDC10026A878 /* Supporting Files */ = {
			isa = PBXGroup;
			children = (
				23749EA219CDEDC10026A878 /* Info.plist */,
			);
			name = "Supporting Files";
			sourceTree = "<group>";
		};
		23749EBA19CDEDC10026A878 /* codeRedTests */ = {
			isa = PBXGroup;
			children = (
				23749EBD19CDEDC10026A878 /* codeRedTests.swift */,
				23749EBB19CDEDC10026A878 /* Supporting Files */,
			);
			path = codeRedTests;
			sourceTree = "<group>";
		};
		23749EBB19CDEDC10026A878 /* Supporting Files */ = {
			isa = PBXGroup;
			children = (
				23749EBC19CDEDC10026A878 /* Info.plist */,
			);
			name = "Supporting Files";
			sourceTree = "<group>";
		};
		23749EC719CDF06E0026A878 /* Data Model */ = {
			isa = PBXGroup;
			children = (
				23749ECC19CDF2DB0026A878 /* Spaceship.swift */,
				2333CD0319CDF3D600B65F3B /* Obstacle.swift */,
				2333CD0519CDF3F400B65F3B /* GoodChallenge.swift */,
				2333CD0719CDF40600B65F3B /* Bug.swift */,
				2333CD0919CDF42900B65F3B /* ProTip.swift */,
				2333CD0D19CE03B200B65F3B /* Player.swift */,
			);
			name = "Data Model";
			sourceTree = "<group>";
		};
		9B28C28F19CE05BB00FF3B3F /* Utilities */ = {
			isa = PBXGroup;
			children = (
				9B28C29019CE05CA00FF3B3F /* Constants.swift */,
				9387F56B19CE2C1E00A5CDC0 /* Enums.swift */,
			);
			name = Utilities;
			sourceTree = "<group>";
		};
/* End PBXGroup section */

/* Begin PBXNativeTarget section */
		23749E9D19CDEDC10026A878 /* codeRed */ = {
			isa = PBXNativeTarget;
			buildConfigurationList = 23749EC119CDEDC10026A878 /* Build configuration list for PBXNativeTarget "codeRed" */;
			buildPhases = (
				23749E9A19CDEDC10026A878 /* Sources */,
				23749E9B19CDEDC10026A878 /* Frameworks */,
				23749E9C19CDEDC10026A878 /* Resources */,
			);
			buildRules = (
			);
			dependencies = (
			);
			name = codeRed;
			productName = codeRed;
			productReference = 23749E9E19CDEDC10026A878 /* codeRed.app */;
			productType = "com.apple.product-type.application";
		};
		23749EB619CDEDC10026A878 /* codeRedTests */ = {
			isa = PBXNativeTarget;
			buildConfigurationList = 23749EC419CDEDC10026A878 /* Build configuration list for PBXNativeTarget "codeRedTests" */;
			buildPhases = (
				23749EB319CDEDC10026A878 /* Sources */,
				23749EB419CDEDC10026A878 /* Frameworks */,
				23749EB519CDEDC10026A878 /* Resources */,
			);
			buildRules = (
			);
			dependencies = (
				23749EB919CDEDC10026A878 /* PBXTargetDependency */,
			);
			name = codeRedTests;
			productName = codeRedTests;
			productReference = 23749EB719CDEDC10026A878 /* codeRedTests.xctest */;
			productType = "com.apple.product-type.bundle.unit-test";
		};
/* End PBXNativeTarget section */

/* Begin PBXProject section */
		23749E9619CDEDC10026A878 /* Project object */ = {
			isa = PBXProject;
			attributes = {
				LastUpgradeCheck = 0600;
				ORGANIZATIONNAME = "Mobile Makers";
				TargetAttributes = {
					23749E9D19CDEDC10026A878 = {
						CreatedOnToolsVersion = 6.0;
					};
					23749EB619CDEDC10026A878 = {
						CreatedOnToolsVersion = 6.0;
						TestTargetID = 23749E9D19CDEDC10026A878;
					};
				};
			};
			buildConfigurationList = 23749E9919CDEDC10026A878 /* Build configuration list for PBXProject "codeRed" */;
			compatibilityVersion = "Xcode 3.2";
			developmentRegion = English;
			hasScannedForEncodings = 0;
			knownRegions = (
				en,
				Base,
			);
			mainGroup = 23749E9519CDEDC10026A878;
			productRefGroup = 23749E9F19CDEDC10026A878 /* Products */;
			projectDirPath = "";
			projectRoot = "";
			targets = (
				23749E9D19CDEDC10026A878 /* codeRed */,
				23749EB619CDEDC10026A878 /* codeRedTests */,
			);
		};
/* End PBXProject section */

/* Begin PBXResourcesBuildPhase section */
		23749E9C19CDEDC10026A878 /* Resources */ = {
			isa = PBXResourcesBuildPhase;
			buildActionMask = 2147483647;
			files = (
				23749EB219CDEDC10026A878 /* LaunchScreen.xib in Resources */,
				23749EAF19CDEDC10026A878 /* Images.xcassets in Resources */,
				23749EA619CDEDC10026A878 /* GameScene.sks in Resources */,
				23749EAD19CDEDC10026A878 /* Main.storyboard in Resources */,
			);
			runOnlyForDeploymentPostprocessing = 0;
		};
		23749EB519CDEDC10026A878 /* Resources */ = {
			isa = PBXResourcesBuildPhase;
			buildActionMask = 2147483647;
			files = (
			);
			runOnlyForDeploymentPostprocessing = 0;
		};
/* End PBXResourcesBuildPhase section */

/* Begin PBXSourcesBuildPhase section */
		23749E9A19CDEDC10026A878 /* Sources */ = {
			isa = PBXSourcesBuildPhase;
			buildActionMask = 2147483647;
			files = (
				23749EA819CDEDC10026A878 /* LevelOneGameScene.swift in Sources */,
				23749EAA19CDEDC10026A878 /* GameViewController.swift in Sources */,
				2333CD0619CDF3F400B65F3B /* GoodChallenge.swift in Sources */,
				2333CD0819CDF40600B65F3B /* Bug.swift in Sources */,
				2333CD0419CDF3D600B65F3B /* Obstacle.swift in Sources */,
				9B28C29119CE05CA00FF3B3F /* Constants.swift in Sources */,
				2333CD0A19CDF42900B65F3B /* ProTip.swift in Sources */,
				23749ECD19CDF2DB0026A878 /* Spaceship.swift in Sources */,
				2333CD0E19CE03B200B65F3B /* Player.swift in Sources */,
				23749EA419CDEDC10026A878 /* AppDelegate.swift in Sources */,
				9387F56C19CE2C1E00A5CDC0 /* Enums.swift in Sources */,
			);
			runOnlyForDeploymentPostprocessing = 0;
		};
		23749EB319CDEDC10026A878 /* Sources */ = {
			isa = PBXSourcesBuildPhase;
			buildActionMask = 2147483647;
			files = (
				23749EBE19CDEDC10026A878 /* codeRedTests.swift in Sources */,
			);
			runOnlyForDeploymentPostprocessing = 0;
		};
/* End PBXSourcesBuildPhase section */

/* Begin PBXTargetDependency section */
		23749EB919CDEDC10026A878 /* PBXTargetDependency */ = {
			isa = PBXTargetDependency;
			target = 23749E9D19CDEDC10026A878 /* codeRed */;
			targetProxy = 23749EB819CDEDC10026A878 /* PBXContainerItemProxy */;
		};
/* End PBXTargetDependency section */

/* Begin PBXVariantGroup section */
		23749EAB19CDEDC10026A878 /* Main.storyboard */ = {
			isa = PBXVariantGroup;
			children = (
				23749EAC19CDEDC10026A878 /* Base */,
			);
			name = Main.storyboard;
			sourceTree = "<group>";
		};
		23749EB019CDEDC10026A878 /* LaunchScreen.xib */ = {
			isa = PBXVariantGroup;
			children = (
				23749EB119CDEDC10026A878 /* Base */,
			);
			name = LaunchScreen.xib;
			sourceTree = "<group>";
		};
/* End PBXVariantGroup section */

/* Begin XCBuildConfiguration section */
		23749EBF19CDEDC10026A878 /* Debug */ = {
			isa = XCBuildConfiguration;
			buildSettings = {
				ALWAYS_SEARCH_USER_PATHS = NO;
				CLANG_CXX_LANGUAGE_STANDARD = "gnu++0x";
				CLANG_CXX_LIBRARY = "libc++";
				CLANG_ENABLE_MODULES = YES;
				CLANG_ENABLE_OBJC_ARC = YES;
				CLANG_WARN_BOOL_CONVERSION = YES;
				CLANG_WARN_CONSTANT_CONVERSION = YES;
				CLANG_WARN_DIRECT_OBJC_ISA_USAGE = YES_ERROR;
				CLANG_WARN_EMPTY_BODY = YES;
				CLANG_WARN_ENUM_CONVERSION = YES;
				CLANG_WARN_INT_CONVERSION = YES;
				CLANG_WARN_OBJC_ROOT_CLASS = YES_ERROR;
				CLANG_WARN_UNREACHABLE_CODE = YES;
				CLANG_WARN__DUPLICATE_METHOD_MATCH = YES;
				"CODE_SIGN_IDENTITY[sdk=iphoneos*]" = "iPhone Developer";
				COPY_PHASE_STRIP = NO;
				ENABLE_STRICT_OBJC_MSGSEND = YES;
				GCC_C_LANGUAGE_STANDARD = gnu99;
				GCC_DYNAMIC_NO_PIC = NO;
				GCC_OPTIMIZATION_LEVEL = 0;
				GCC_PREPROCESSOR_DEFINITIONS = (
					"DEBUG=1",
					"$(inherited)",
				);
				GCC_SYMBOLS_PRIVATE_EXTERN = NO;
				GCC_WARN_64_TO_32_BIT_CONVERSION = YES;
				GCC_WARN_ABOUT_RETURN_TYPE = YES_ERROR;
				GCC_WARN_UNDECLARED_SELECTOR = YES;
				GCC_WARN_UNINITIALIZED_AUTOS = YES_AGGRESSIVE;
				GCC_WARN_UNUSED_FUNCTION = YES;
				GCC_WARN_UNUSED_VARIABLE = YES;
				IPHONEOS_DEPLOYMENT_TARGET = 8.0;
				MTL_ENABLE_DEBUG_INFO = YES;
				ONLY_ACTIVE_ARCH = YES;
				SDKROOT = iphoneos;
				SWIFT_OPTIMIZATION_LEVEL = "-Onone";
				TARGETED_DEVICE_FAMILY = "1,2";
			};
			name = Debug;
		};
		23749EC019CDEDC10026A878 /* Release */ = {
			isa = XCBuildConfiguration;
			buildSettings = {
				ALWAYS_SEARCH_USER_PATHS = NO;
				CLANG_CXX_LANGUAGE_STANDARD = "gnu++0x";
				CLANG_CXX_LIBRARY = "libc++";
				CLANG_ENABLE_MODULES = YES;
				CLANG_ENABLE_OBJC_ARC = YES;
				CLANG_WARN_BOOL_CONVERSION = YES;
				CLANG_WARN_CONSTANT_CONVERSION = YES;
				CLANG_WARN_DIRECT_OBJC_ISA_USAGE = YES_ERROR;
				CLANG_WARN_EMPTY_BODY = YES;
				CLANG_WARN_ENUM_CONVERSION = YES;
				CLANG_WARN_INT_CONVERSION = YES;
				CLANG_WARN_OBJC_ROOT_CLASS = YES_ERROR;
				CLANG_WARN_UNREACHABLE_CODE = YES;
				CLANG_WARN__DUPLICATE_METHOD_MATCH = YES;
				"CODE_SIGN_IDENTITY[sdk=iphoneos*]" = "iPhone Developer";
				COPY_PHASE_STRIP = YES;
				ENABLE_NS_ASSERTIONS = NO;
				ENABLE_STRICT_OBJC_MSGSEND = YES;
				GCC_C_LANGUAGE_STANDARD = gnu99;
				GCC_WARN_64_TO_32_BIT_CONVERSION = YES;
				GCC_WARN_ABOUT_RETURN_TYPE = YES_ERROR;
				GCC_WARN_UNDECLARED_SELECTOR = YES;
				GCC_WARN_UNINITIALIZED_AUTOS = YES_AGGRESSIVE;
				GCC_WARN_UNUSED_FUNCTION = YES;
				GCC_WARN_UNUSED_VARIABLE = YES;
				IPHONEOS_DEPLOYMENT_TARGET = 8.0;
				MTL_ENABLE_DEBUG_INFO = NO;
				SDKROOT = iphoneos;
				TARGETED_DEVICE_FAMILY = "1,2";
				VALIDATE_PRODUCT = YES;
			};
			name = Release;
		};
		23749EC219CDEDC10026A878 /* Debug */ = {
			isa = XCBuildConfiguration;
			buildSettings = {
				ASSETCATALOG_COMPILER_APPICON_NAME = AppIcon;
				INFOPLIST_FILE = codeRed/Info.plist;
				LD_RUNPATH_SEARCH_PATHS = "$(inherited) @executable_path/Frameworks";
				PRODUCT_NAME = "$(TARGET_NAME)";
			};
			name = Debug;
		};
		23749EC319CDEDC10026A878 /* Release */ = {
			isa = XCBuildConfiguration;
			buildSettings = {
				ASSETCATALOG_COMPILER_APPICON_NAME = AppIcon;
				INFOPLIST_FILE = codeRed/Info.plist;
				LD_RUNPATH_SEARCH_PATHS = "$(inherited) @executable_path/Frameworks";
				PRODUCT_NAME = "$(TARGET_NAME)";
			};
			name = Release;
		};
		23749EC519CDEDC10026A878 /* Debug */ = {
			isa = XCBuildConfiguration;
			buildSettings = {
				BUNDLE_LOADER = "$(TEST_HOST)";
				FRAMEWORK_SEARCH_PATHS = (
					"$(SDKROOT)/Developer/Library/Frameworks",
					"$(inherited)",
				);
				GCC_PREPROCESSOR_DEFINITIONS = (
					"DEBUG=1",
					"$(inherited)",
				);
				INFOPLIST_FILE = codeRedTests/Info.plist;
				LD_RUNPATH_SEARCH_PATHS = "$(inherited) @executable_path/Frameworks @loader_path/Frameworks";
				PRODUCT_NAME = "$(TARGET_NAME)";
				TEST_HOST = "$(BUILT_PRODUCTS_DIR)/codeRed.app/codeRed";
			};
			name = Debug;
		};
		23749EC619CDEDC10026A878 /* Release */ = {
			isa = XCBuildConfiguration;
			buildSettings = {
				BUNDLE_LOADER = "$(TEST_HOST)";
				FRAMEWORK_SEARCH_PATHS = (
					"$(SDKROOT)/Developer/Library/Frameworks",
					"$(inherited)",
				);
				INFOPLIST_FILE = codeRedTests/Info.plist;
				LD_RUNPATH_SEARCH_PATHS = "$(inherited) @executable_path/Frameworks @loader_path/Frameworks";
				PRODUCT_NAME = "$(TARGET_NAME)";
				TEST_HOST = "$(BUILT_PRODUCTS_DIR)/codeRed.app/codeRed";
			};
			name = Release;
		};
/* End XCBuildConfiguration section */

/* Begin XCConfigurationList section */
		23749E9919CDEDC10026A878 /* Build configuration list for PBXProject "codeRed" */ = {
			isa = XCConfigurationList;
			buildConfigurations = (
				23749EBF19CDEDC10026A878 /* Debug */,
				23749EC019CDEDC10026A878 /* Release */,
			);
			defaultConfigurationIsVisible = 0;
			defaultConfigurationName = Release;
		};
		23749EC119CDEDC10026A878 /* Build configuration list for PBXNativeTarget "codeRed" */ = {
			isa = XCConfigurationList;
			buildConfigurations = (
				23749EC219CDEDC10026A878 /* Debug */,
				23749EC319CDEDC10026A878 /* Release */,
			);
			defaultConfigurationIsVisible = 0;
			defaultConfigurationName = Release;
		};
		23749EC419CDEDC10026A878 /* Build configuration list for PBXNativeTarget "codeRedTests" */ = {
			isa = XCConfigurationList;
			buildConfigurations = (
				23749EC519CDEDC10026A878 /* Debug */,
				23749EC619CDEDC10026A878 /* Release */,
			);
			defaultConfigurationIsVisible = 0;
			defaultConfigurationName = Release;
		};
/* End XCConfigurationList section */
	};
	rootObject = 23749E9619CDEDC10026A878 /* Project object */;
}
